
Microsoft Visual Studio Solution File, Format Version 12.00
# Visual Studio Version 16
VisualStudioVersion = 16.0.30907.101
MinimumVisualStudioVersion = 10.0.40219.1
Project("{2150E333-8FDC-42A3-9474-1A3956D46DE8}") = "Task6", "Task6", "{3E6F4977-4B02-401E-9DE5-DD5E1472E7F8}"
EndProject
Project("{2150E333-8FDC-42A3-9474-1A3956D46DE8}") = "Task2", "Task2", "{36F0ACA1-6719-458A-8317-9C199651E740}"
EndProject
Project("{2150E333-8FDC-42A3-9474-1A3956D46DE8}") = "Task1", "Task1", "{55568AF8-A7E2-41DF-8CBA-E886061BA3B6}"
EndProject
Project("{2150E333-8FDC-42A3-9474-1A3956D46DE8}") = "Task3", "Task3", "{BD86560D-AADA-456A-B498-114D0370C90E}"
EndProject
Project("{2150E333-8FDC-42A3-9474-1A3956D46DE8}") = "Task4", "Task4", "{E4183873-CCDC-4317-B63E-3CB1F67810AF}"
EndProject
Project("{2150E333-8FDC-42A3-9474-1A3956D46DE8}") = "Task5", "Task5", "{B9B3E62E-F317-4A35-BE1A-2FD948B50F37}"
EndProject
Project("{9A19103F-16F7-4668-BE54-9A1E7A4F7556}") = "Polus.Task2", "Task2\Polus.Task2\Polus.Task2.csproj", "{A1595216-7187-4AF0-AC33-960D7C363751}"
EndProject
Project("{FAE04EC0-301F-11D3-BF4B-00C04F79EFBC}") = "Polus.Task6", "Task6\Polus.Task6\Polus.Task6.csproj", "{00B38313-BDE4-4DDD-BEE6-A260151AD0C0}"
EndProject
Project("{9A19103F-16F7-4668-BE54-9A1E7A4F7556}") = "Polus.Task6.Lib", "Task6\Polus.Task6.Lib\Polus.Task6.Lib.csproj", "{9E12123C-BBF9-4A27-ADE0-862285A44C9B}"
EndProject
Project("{9A19103F-16F7-4668-BE54-9A1E7A4F7556}") = "Polus.Task6.Core", "Task6\Polus.Task6.Core\Polus.Task6.Core.csproj", "{DB0800B4-D005-426F-89E4-A3584565F421}"
EndProject
Project("{FAE04EC0-301F-11D3-BF4B-00C04F79EFBC}") = "Polus.Task3", "Task3\Polus.Task3\Polus.Task3.csproj", "{EC0AA02B-CB39-431D-9246-E7067E4EDC2D}"
EndProject
Project("{FAE04EC0-301F-11D3-BF4B-00C04F79EFBC}") = "Polus.Task5", "Task5\Polus.Task5\Polus.Task5.csproj", "{29725F2C-9DF5-49AE-8797-5B36D32FB6B1}"
EndProject
Project("{FAE04EC0-301F-11D3-BF4B-00C04F79EFBC}") = "Polus.Task1", "Task1\Polus.Task1\Polus.Task1.csproj", "{FC9CF6C5-9671-4C2A-ABBB-93DC5E27954C}"
EndProject
Project("{FAE04EC0-301F-11D3-BF4B-00C04F79EFBC}") = "Polus.Task4", "Task4\Polus.Task4\Polus.Task4.csproj", "{9662A6BB-FFAD-4A2C-B29B-9C3E406BCA1E}"
EndProject
Global
	GlobalSection(SolutionConfigurationPlatforms) = preSolution
		Debug|Any CPU = Debug|Any CPU
		Release|Any CPU = Release|Any CPU
	EndGlobalSection
	GlobalSection(ProjectConfigurationPlatforms) = postSolution
		{A1595216-7187-4AF0-AC33-960D7C363751}.Debug|Any CPU.ActiveCfg = Debug|Any CPU
		{A1595216-7187-4AF0-AC33-960D7C363751}.Debug|Any CPU.Build.0 = Debug|Any CPU
		{A1595216-7187-4AF0-AC33-960D7C363751}.Release|Any CPU.ActiveCfg = Release|Any CPU
		{A1595216-7187-4AF0-AC33-960D7C363751}.Release|Any CPU.Build.0 = Release|Any CPU
		{00B38313-BDE4-4DDD-BEE6-A260151AD0C0}.Debug|Any CPU.ActiveCfg = Debug|Any CPU
		{00B38313-BDE4-4DDD-BEE6-A260151AD0C0}.Debug|Any CPU.Build.0 = Debug|Any CPU
		{00B38313-BDE4-4DDD-BEE6-A260151AD0C0}.Release|Any CPU.ActiveCfg = Release|Any CPU
		{00B38313-BDE4-4DDD-BEE6-A260151AD0C0}.Release|Any CPU.Build.0 = Release|Any CPU
		{9E12123C-BBF9-4A27-ADE0-862285A44C9B}.Debug|Any CPU.ActiveCfg = Debug|Any CPU
		{9E12123C-BBF9-4A27-ADE0-862285A44C9B}.Debug|Any CPU.Build.0 = Debug|Any CPU
		{9E12123C-BBF9-4A27-ADE0-862285A44C9B}.Release|Any CPU.ActiveCfg = Release|Any CPU
		{9E12123C-BBF9-4A27-ADE0-862285A44C9B}.Release|Any CPU.Build.0 = Release|Any CPU
		{DB0800B4-D005-426F-89E4-A3584565F421}.Debug|Any CPU.ActiveCfg = Debug|Any CPU
		{DB0800B4-D005-426F-89E4-A3584565F421}.Debug|Any CPU.Build.0 = Debug|Any CPU
		{DB0800B4-D005-426F-89E4-A3584565F421}.Release|Any CPU.ActiveCfg = Release|Any CPU
		{DB0800B4-D005-426F-89E4-A3584565F421}.Release|Any CPU.Build.0 = Release|Any CPU
		{EC0AA02B-CB39-431D-9246-E7067E4EDC2D}.Debug|Any CPU.ActiveCfg = Debug|Any CPU
		{EC0AA02B-CB39-431D-9246-E7067E4EDC2D}.Debug|Any CPU.Build.0 = Debug|Any CPU
		{EC0AA02B-CB39-431D-9246-E7067E4EDC2D}.Release|Any CPU.ActiveCfg = Release|Any CPU
		{EC0AA02B-CB39-431D-9246-E7067E4EDC2D}.Release|Any CPU.Build.0 = Release|Any CPU
		{29725F2C-9DF5-49AE-8797-5B36D32FB6B1}.Debug|Any CPU.ActiveCfg = Debug|Any CPU
		{29725F2C-9DF5-49AE-8797-5B36D32FB6B1}.Debug|Any CPU.Build.0 = Debug|Any CPU
		{29725F2C-9DF5-49AE-8797-5B36D32FB6B1}.Release|Any CPU.ActiveCfg = Release|Any CPU
		{29725F2C-9DF5-49AE-8797-5B36D32FB6B1}.Release|Any CPU.Build.0 = Release|Any CPU
		{FC9CF6C5-9671-4C2A-ABBB-93DC5E27954C}.Debug|Any CPU.ActiveCfg = Debug|Any CPU
		{FC9CF6C5-9671-4C2A-ABBB-93DC5E27954C}.Debug|Any CPU.Build.0 = Debug|Any CPU
		{FC9CF6C5-9671-4C2A-ABBB-93DC5E27954C}.Release|Any CPU.ActiveCfg = Release|Any CPU
		{FC9CF6C5-9671-4C2A-ABBB-93DC5E27954C}.Release|Any CPU.Build.0 = Release|Any CPU
		{9662A6BB-FFAD-4A2C-B29B-9C3E406BCA1E}.Debug|Any CPU.ActiveCfg = Debug|Any CPU
		{9662A6BB-FFAD-4A2C-B29B-9C3E406BCA1E}.Debug|Any CPU.Build.0 = Debug|Any CPU
		{9662A6BB-FFAD-4A2C-B29B-9C3E406BCA1E}.Release|Any CPU.ActiveCfg = Release|Any CPU
		{9662A6BB-FFAD-4A2C-B29B-9C3E406BCA1E}.Release|Any CPU.Build.0 = Release|Any CPU
	EndGlobalSection
	GlobalSection(SolutionProperties) = preSolution
		HideSolutionNode = FALSE
	EndGlobalSection
	GlobalSection(NestedProjects) = preSolution
		{A1595216-7187-4AF0-AC33-960D7C363751} = {36F0ACA1-6719-458A-8317-9C199651E740}
		{00B38313-BDE4-4DDD-BEE6-A260151AD0C0} = {3E6F4977-4B02-401E-9DE5-DD5E1472E7F8}
		{9E12123C-BBF9-4A27-ADE0-862285A44C9B} = {3E6F4977-4B02-401E-9DE5-DD5E1472E7F8}
		{DB0800B4-D005-426F-89E4-A3584565F421} = {3E6F4977-4B02-401E-9DE5-DD5E1472E7F8}
		{EC0AA02B-CB39-431D-9246-E7067E4EDC2D} = {BD86560D-AADA-456A-B498-114D0370C90E}
		{29725F2C-9DF5-49AE-8797-5B36D32FB6B1} = {B9B3E62E-F317-4A35-BE1A-2FD948B50F37}
		{FC9CF6C5-9671-4C2A-ABBB-93DC5E27954C} = {55568AF8-A7E2-41DF-8CBA-E886061BA3B6}
		{9662A6BB-FFAD-4A2C-B29B-9C3E406BCA1E} = {E4183873-CCDC-4317-B63E-3CB1F67810AF}
	EndGlobalSection
	GlobalSection(ExtensibilityGlobals) = postSolution
		SolutionGuid = {0464B7E8-0B34-4911-A913-066FA09AB497}
	EndGlobalSection
EndGlobal
